{
  "lockfileVersion": 1,
  "workspaces": {
    "": {
      "name": "risczero-website",
    },
    "apps/boundless-ws-client": {
      "name": "boundless-ws-client",
      "dependencies": {
        "es-toolkit": "1.29.0",
        "ethers": "6.13.4",
        "postgres": "3.4.5",
        "shared": "workspace:*",
        "typescript": "5.7.2",
        "viem": "2.21.53",
        "ws": "8.18.0",
      },
      "devDependencies": {
        "dotenv": "16.4.7",
      },
    },
    "packages/shared": {
      "name": "shared",
      "version": "0.0.1",
    },
  },
  "packages": {
    "@adraffy/ens-normalize": ["@adraffy/ens-normalize@1.10.1", "", {}, "sha512-96Z2IP3mYmF1Xg2cDm8f1gWGf/HUVedQ3FMifV4kG/PQ4yEP51xDtRAEfhVNt5f/uzpNkZHwWQuUcu6D6K+Ekw=="],

    "@noble/curves": ["@noble/curves@1.2.0", "", { "dependencies": { "@noble/hashes": "1.3.2" } }, "sha512-oYclrNgRaM9SsBUBVbb8M6DTV7ZHRTKugureoYEncY5c65HOmRzvSiTE3y5CYaPYJA/GVkrhXEoF0M3Ya9PMnw=="],

    "@noble/hashes": ["@noble/hashes@1.3.2", "", {}, "sha512-MVC8EAQp7MvEcm30KWENFjgR+Mkmf+D189XJTkFIlwohU5hcBbn1ZkKq7KVTi2Hme3PMGF390DaL52beVrIihQ=="],

    "@scure/base": ["@scure/base@1.1.9", "", {}, "sha512-8YKhl8GHiNI/pU2VMaofa2Tor7PJRAjwQLBBuilkJ9L5+13yVbC7JO/wS7piioAvPSwR3JKM1IJ/u4xQzbcXKg=="],

    "@scure/bip32": ["@scure/bip32@1.5.0", "", { "dependencies": { "@noble/curves": "~1.6.0", "@noble/hashes": "~1.5.0", "@scure/base": "~1.1.7" } }, "sha512-8EnFYkqEQdnkuGBVpCzKxyIwDCBLDVj3oiX0EKUFre/tOjL/Hqba1D6n/8RcmaQy4f95qQFrO2A8Sr6ybh4NRw=="],

    "@scure/bip39": ["@scure/bip39@1.4.0", "", { "dependencies": { "@noble/hashes": "~1.5.0", "@scure/base": "~1.1.8" } }, "sha512-BEEm6p8IueV/ZTfQLp/0vhw4NPnT9oWf5+28nvmeUICjP99f4vr2d+qc7AVGDDtwRep6ifR43Yed9ERVmiITzw=="],

    "@types/node": ["@types/node@22.7.5", "", { "dependencies": { "undici-types": "~6.19.2" } }, "sha512-jML7s2NAzMWc//QSJ1a3prpk78cOPchGvXJsC3C6R6PSMoooztvRVQEz89gmBTBY1SPMaqo5teB4uNHPdetShQ=="],

    "abitype": ["abitype@1.0.6", "", { "peerDependencies": { "typescript": ">=5.0.4", "zod": "^3 >=3.22.0" }, "optionalPeers": ["typescript", "zod"] }, "sha512-MMSqYh4+C/aVqI2RQaWqbvI4Kxo5cQV40WQ4QFtDnNzCkqChm8MuENhElmynZlO0qUy/ObkEUaXtKqYnx1Kp3A=="],

    "aes-js": ["aes-js@4.0.0-beta.5", "", {}, "sha512-G965FqalsNyrPqgEGON7nIx1e/OVENSgiEIzyC63haUMuvNnwIgIjMs52hlTCKhkBny7A2ORNlfY9Zu+jmGk1Q=="],

    "boundless-ws-client": ["boundless-ws-client@workspace:apps/boundless-ws-client"],

    "dotenv": ["dotenv@16.4.7", "", {}, "sha512-47qPchRCykZC03FhkYAhrvwU4xDBFIj1QPqaarj6mdM/hgUzfPHcpkHJOn3mJAufFeeAxAzeGsr5X0M4k6fLZQ=="],

    "es-toolkit": ["es-toolkit@1.29.0", "", {}, "sha512-GjTll+E6APcfAQA09D89HdT8Qn2Yb+TeDSDBTMcxAo+V+w1amAtCI15LJu4YPH/UCPoSo/F47Gr1LIM0TE0lZA=="],

    "ethers": ["ethers@6.13.4", "", { "dependencies": { "@adraffy/ens-normalize": "1.10.1", "@noble/curves": "1.2.0", "@noble/hashes": "1.3.2", "@types/node": "22.7.5", "aes-js": "4.0.0-beta.5", "tslib": "2.7.0", "ws": "8.17.1" } }, "sha512-21YtnZVg4/zKkCQPjrDj38B1r4nQvTZLopUGMLQ1ePU2zV/joCfDC3t3iKQjWRzjjjbzR+mdAIoikeBRNkdllA=="],

    "eventemitter3": ["eventemitter3@5.0.1", "", {}, "sha512-GWkBvjiSZK87ELrYOSESUYeVIc9mvLLf/nXalMOS5dYrgZq9o5OVkbZAVM06CVxYsCwH9BDZFPlQTlPA1j4ahA=="],

    "isows": ["isows@1.0.6", "", { "peerDependencies": { "ws": "*" } }, "sha512-lPHCayd40oW98/I0uvgaHKWCSvkzY27LjWLbtzOm64yQ+G3Q5npjjbdppU65iZXkK1Zt+kH9pfegli0AYfwYYw=="],

    "ox": ["ox@0.1.2", "", { "dependencies": { "@adraffy/ens-normalize": "^1.10.1", "@noble/curves": "^1.6.0", "@noble/hashes": "^1.5.0", "@scure/bip32": "^1.5.0", "@scure/bip39": "^1.4.0", "abitype": "^1.0.6", "eventemitter3": "5.0.1" }, "peerDependencies": { "typescript": ">=5.4.0" }, "optionalPeers": ["typescript"] }, "sha512-ak/8K0Rtphg9vnRJlbOdaX9R7cmxD2MiSthjWGaQdMk3D7hrAlDoM+6Lxn7hN52Za3vrXfZ7enfke/5WjolDww=="],

    "postgres": ["postgres@3.4.5", "", {}, "sha512-cDWgoah1Gez9rN3H4165peY9qfpEo+SA61oQv65O3cRUE1pOEoJWwddwcqKE8XZYjbblOJlYDlLV4h67HrEVDg=="],

    "shared": ["shared@workspace:packages/shared"],

    "tslib": ["tslib@2.7.0", "", {}, "sha512-gLXCKdN1/j47AiHiOkJN69hJmcbGTHI0ImLmbYLHykhgeN0jVGola9yVjFgzCUklsZQMW55o+dW7IXv3RCXDzA=="],

    "typescript": ["typescript@5.7.2", "", { "bin": { "tsc": "bin/tsc", "tsserver": "bin/tsserver" } }, "sha512-i5t66RHxDvVN40HfDd1PsEThGNnlMCMT3jMUuoh9/0TaqWevNontacunWyN02LA9/fIbEWlcHZcgTKb9QoaLfg=="],

    "undici-types": ["undici-types@6.19.8", "", {}, "sha512-ve2KP6f/JnbPBFyobGHuerC9g1FYGn/F8n1LWTwNxCEzd6IfqTwUQcNXgEtmmQ6DlRrC1hrSrBnCZPokRrDHjw=="],

    "viem": ["viem@2.21.53", "", { "dependencies": { "@noble/curves": "1.6.0", "@noble/hashes": "1.5.0", "@scure/bip32": "1.5.0", "@scure/bip39": "1.4.0", "abitype": "1.0.6", "isows": "1.0.6", "ox": "0.1.2", "webauthn-p256": "0.0.10", "ws": "8.18.0" }, "peerDependencies": { "typescript": ">=5.0.4" }, "optionalPeers": ["typescript"] }, "sha512-0pY8clBacAwzc59iV1vY4a6U4xvRlA5tAuhClJCKvqA6rXJzmNMMvxQ0EG79lkHr7WtBEruXz8nAmONXwnq4EQ=="],

    "webauthn-p256": ["webauthn-p256@0.0.10", "", { "dependencies": { "@noble/curves": "^1.4.0", "@noble/hashes": "^1.4.0" } }, "sha512-EeYD+gmIT80YkSIDb2iWq0lq2zbHo1CxHlQTeJ+KkCILWpVy3zASH3ByD4bopzfk0uCwXxLqKGLqp2W4O28VFA=="],

    "ws": ["ws@8.18.0", "", { "peerDependencies": { "bufferutil": "^4.0.1", "utf-8-validate": ">=5.0.2" }, "optionalPeers": ["bufferutil", "utf-8-validate"] }, "sha512-8VbfWfHLbbwu3+N6OKsOMpBdT4kXPDDB9cJk2bJ6mh9ucxdlnNvH1e+roYkKmN9Nxw2yjz7VzeO9oOz2zJ04Pw=="],

    "@scure/bip32/@noble/curves": ["@noble/curves@1.6.0", "", { "dependencies": { "@noble/hashes": "1.5.0" } }, "sha512-TlaHRXDehJuRNR9TfZDNQ45mMEd5dwUwmicsafcIX4SsNiqnCHKjE/1alYPd/lDRVhxdhUAlv8uEhMCI5zjIJQ=="],

    "@scure/bip32/@noble/hashes": ["@noble/hashes@1.5.0", "", {}, "sha512-1j6kQFb7QRru7eKN3ZDvRcP13rugwdxZqCjbiAVZfIJwgj2A65UmT4TgARXGlXgnRkORLTDTrO19ZErt7+QXgA=="],

    "@scure/bip39/@noble/hashes": ["@noble/hashes@1.5.0", "", {}, "sha512-1j6kQFb7QRru7eKN3ZDvRcP13rugwdxZqCjbiAVZfIJwgj2A65UmT4TgARXGlXgnRkORLTDTrO19ZErt7+QXgA=="],

    "ethers/ws": ["ws@8.17.1", "", { "peerDependencies": { "bufferutil": "^4.0.1", "utf-8-validate": ">=5.0.2" }, "optionalPeers": ["bufferutil", "utf-8-validate"] }, "sha512-6XQFvXTkbfUOZOKKILFG1PDK2NDQs4azKQl26T0YS5CxqWLgXajbPZ+h4gZekJyRqFU8pvnbAbbs/3TgRPy+GQ=="],

    "ox/@noble/curves": ["@noble/curves@1.6.0", "", { "dependencies": { "@noble/hashes": "1.5.0" } }, "sha512-TlaHRXDehJuRNR9TfZDNQ45mMEd5dwUwmicsafcIX4SsNiqnCHKjE/1alYPd/lDRVhxdhUAlv8uEhMCI5zjIJQ=="],

    "ox/@noble/hashes": ["@noble/hashes@1.5.0", "", {}, "sha512-1j6kQFb7QRru7eKN3ZDvRcP13rugwdxZqCjbiAVZfIJwgj2A65UmT4TgARXGlXgnRkORLTDTrO19ZErt7+QXgA=="],

    "viem/@noble/curves": ["@noble/curves@1.6.0", "", { "dependencies": { "@noble/hashes": "1.5.0" } }, "sha512-TlaHRXDehJuRNR9TfZDNQ45mMEd5dwUwmicsafcIX4SsNiqnCHKjE/1alYPd/lDRVhxdhUAlv8uEhMCI5zjIJQ=="],

    "viem/@noble/hashes": ["@noble/hashes@1.5.0", "", {}, "sha512-1j6kQFb7QRru7eKN3ZDvRcP13rugwdxZqCjbiAVZfIJwgj2A65UmT4TgARXGlXgnRkORLTDTrO19ZErt7+QXgA=="],

    "webauthn-p256/@noble/curves": ["@noble/curves@1.6.0", "", { "dependencies": { "@noble/hashes": "1.5.0" } }, "sha512-TlaHRXDehJuRNR9TfZDNQ45mMEd5dwUwmicsafcIX4SsNiqnCHKjE/1alYPd/lDRVhxdhUAlv8uEhMCI5zjIJQ=="],

    "webauthn-p256/@noble/hashes": ["@noble/hashes@1.5.0", "", {}, "sha512-1j6kQFb7QRru7eKN3ZDvRcP13rugwdxZqCjbiAVZfIJwgj2A65UmT4TgARXGlXgnRkORLTDTrO19ZErt7+QXgA=="],
  }
}
